
Microsoft Visual Studio Solution File, Format Version 11.00
# Visual Studio 2010
Project("{FAE04EC0-301F-11D3-BF4B-00C04F79EFBC}") = "vrnd-course8b-starter-project", "Assembly-CSharp.csproj", "{A8BC3F00-084E-704A-8F67-2AA585E90F09}"
EndProject
Project("{FAE04EC0-301F-11D3-BF4B-00C04F79EFBC}") = "vrnd-course8b-starter-project", "Assembly-CSharp-Editor.csproj", "{0A458B8D-860B-5A91-DA83-B83D19B1C197}"
EndProject
Global
	GlobalSection(SolutionConfigurationPlatforms) = preSolution
		Debug|Any CPU = Debug|Any CPU
		Release|Any CPU = Release|Any CPU
	EndGlobalSection
	GlobalSection(ProjectConfigurationPlatforms) = postSolution
		{A8BC3F00-084E-704A-8F67-2AA585E90F09}.Debug|Any CPU.ActiveCfg = Debug|Any CPU
		{A8BC3F00-084E-704A-8F67-2AA585E90F09}.Debug|Any CPU.Build.0 = Debug|Any CPU
		{A8BC3F00-084E-704A-8F67-2AA585E90F09}.Release|Any CPU.ActiveCfg = Release|Any CPU
		{A8BC3F00-084E-704A-8F67-2AA585E90F09}.Release|Any CPU.Build.0 = Release|Any CPU
		{0A458B8D-860B-5A91-DA83-B83D19B1C197}.Debug|Any CPU.ActiveCfg = Debug|Any CPU
		{0A458B8D-860B-5A91-DA83-B83D19B1C197}.Debug|Any CPU.Build.0 = Debug|Any CPU
		{0A458B8D-860B-5A91-DA83-B83D19B1C197}.Release|Any CPU.ActiveCfg = Release|Any CPU
		{0A458B8D-860B-5A91-DA83-B83D19B1C197}.Release|Any CPU.Build.0 = Release|Any CPU
	EndGlobalSection
	GlobalSection(SolutionProperties) = preSolution
		HideSolutionNode = FALSE
	EndGlobalSection
	GlobalSection(MonoDevelopProperties) = preSolution
		StartupItem = Assembly-CSharp.csproj
	EndGlobalSection
EndGlobal
